Microsoft Visual Studio Solution File, Format Version 8.00
Project("{8BC9CEB8-8B4A-11D0-8D11-00A0C91BC942}") = "fallout1", "fallout1.vcproj", "{C4AD03D7-C767-4D7C-BA47-0BF733CE94CF}"
	ProjectSection(ProjectDependencies) = postProject
	EndProjectSection
EndProject
Global
	GlobalSection(SolutionConfiguration) = preSolution
		Debug = Debug
		Release = Release
	EndGlobalSection
	GlobalSection(ProjectDependencies) = postSolution
	EndGlobalSection
	GlobalSection(ProjectConfiguration) = postSolution
		{C4AD03D7-C767-4D7C-BA47-0BF733CE94CF}.Debug.ActiveCfg = Debug|Win32
		{C4AD03D7-C767-4D7C-BA47-0BF733CE94CF}.Debug.Build.0 = Debug|Win32
		{C4AD03D7-C767-4D7C-BA47-0BF733CE94CF}.Release.ActiveCfg = Release|Win32
		{C4AD03D7-C767-4D7C-BA47-0BF733CE94CF}.Release.Build.0 = Release|Win32
	EndGlobalSection
	GlobalSection(ExtensibilityGlobals) = postSolution
	EndGlobalSection
	GlobalSection(ExtensibilityAddIns) = postSolution
	EndGlobalSection
EndGlobal
